// !$*UTF8*$!
{
	archiveVersion = 1;
	classes = {
	};
	objectVersion = 56;
	objects = {

/* Begin PBXBuildFile section */
		DF28F3D62B4FF71300D9BADD /* AdViewController.swift in Sources */ = {isa = PBXBuildFile; fileRef = DF28F3D52B4FF71300D9BADD /* AdViewController.swift */; };
		DF28F3D82B4FF72100D9BADD /* TravelViewController.swift in Sources */ = {isa = PBXBuildFile; fileRef = DF28F3D72B4FF72100D9BADD /* TravelViewController.swift */; };
		DF28F3DA2B4FFE1300D9BADD /* UIImageVIew+Extension.swift in Sources */ = {isa = PBXBuildFile; fileRef = DF28F3D92B4FFE1300D9BADD /* UIImageVIew+Extension.swift */; };
		DF354A922B4D322D00540D71 /* AppDelegate.swift in Sources */ = {isa = PBXBuildFile; fileRef = DF354A912B4D322D00540D71 /* AppDelegate.swift */; };
		DF354A942B4D322D00540D71 /* SceneDelegate.swift in Sources */ = {isa = PBXBuildFile; fileRef = DF354A932B4D322D00540D71 /* SceneDelegate.swift */; };
		DF354A962B4D322D00540D71 /* ViewController.swift in Sources */ = {isa = PBXBuildFile; fileRef = DF354A952B4D322D00540D71 /* ViewController.swift */; };
		DF354A992B4D322D00540D71 /* Main.storyboard in Resources */ = {isa = PBXBuildFile; fileRef = DF354A972B4D322D00540D71 /* Main.storyboard */; };
		DF354A9B2B4D322F00540D71 /* Assets.xcassets in Resources */ = {isa = PBXBuildFile; fileRef = DF354A9A2B4D322F00540D71 /* Assets.xcassets */; };
		DF354A9E2B4D322F00540D71 /* LaunchScreen.storyboard in Resources */ = {isa = PBXBuildFile; fileRef = DF354A9C2B4D322F00540D71 /* LaunchScreen.storyboard */; };
		DF354AA72B4D32B700540D71 /* CityCollectionViewCell.swift in Sources */ = {isa = PBXBuildFile; fileRef = DF354AA52B4D32B700540D71 /* CityCollectionViewCell.swift */; };
		DF354AA82B4D32B700540D71 /* CityCollectionViewCell.xib in Resources */ = {isa = PBXBuildFile; fileRef = DF354AA62B4D32B700540D71 /* CityCollectionViewCell.xib */; };
		DF354AAC2B4D342900540D71 /* CityInfo.swift in Sources */ = {isa = PBXBuildFile; fileRef = DF354AAB2B4D342800540D71 /* CityInfo.swift */; };
		DF354AAF2B4D349300540D71 /* Kingfisher in Frameworks */ = {isa = PBXBuildFile; productRef = DF354AAE2B4D349300540D71 /* Kingfisher */; };
		DF75A3DE2B4FCE8C00854AC9 /* CityInfoTableViewCell.xib in Resources */ = {isa = PBXBuildFile; fileRef = DF75A3DC2B4FCE8C00854AC9 /* CityInfoTableViewCell.xib */; };
		DF75A3E32B4FD23A00854AC9 /* CityInfoTableViewCell.swift in Sources */ = {isa = PBXBuildFile; fileRef = DF75A3E22B4FD23A00854AC9 /* CityInfoTableViewCell.swift */; };
		DF75A3E62B4FD55500854AC9 /* ADTableViewCell.swift in Sources */ = {isa = PBXBuildFile; fileRef = DF75A3E42B4FD55500854AC9 /* ADTableViewCell.swift */; };
		DF75A3E72B4FD55500854AC9 /* ADTableViewCell.xib in Resources */ = {isa = PBXBuildFile; fileRef = DF75A3E52B4FD55500854AC9 /* ADTableViewCell.xib */; };
		DF75A3EA2B4FD75800854AC9 /* TravelModel.swift in Sources */ = {isa = PBXBuildFile; fileRef = DF75A3E92B4FD75800854AC9 /* TravelModel.swift */; };
		DF75CF252B4E846B00AEF2A6 /* ConfiguarUI.swift in Sources */ = {isa = PBXBuildFile; fileRef = DF75CF242B4E846B00AEF2A6 /* ConfiguarUI.swift */; };
		DF75CF272B4E8D8000AEF2A6 /* UILabel+Extension.swift in Sources */ = {isa = PBXBuildFile; fileRef = DF75CF262B4E8D8000AEF2A6 /* UILabel+Extension.swift */; };
		DFDA3A142B4FDC4900908E75 /* CityInfoViewController.swift in Sources */ = {isa = PBXBuildFile; fileRef = DFDA3A132B4FDC4900908E75 /* CityInfoViewController.swift */; };
/* End PBXBuildFile section */

/* Begin PBXFileReference section */
		DF28F3D52B4FF71300D9BADD /* AdViewController.swift */ = {isa = PBXFileReference; lastKnownFileType = sourcecode.swift; path = AdViewController.swift; sourceTree = "<group>"; };
		DF28F3D72B4FF72100D9BADD /* TravelViewController.swift */ = {isa = PBXFileReference; lastKnownFileType = sourcecode.swift; path = TravelViewController.swift; sourceTree = "<group>"; };
		DF28F3D92B4FFE1300D9BADD /* UIImageVIew+Extension.swift */ = {isa = PBXFileReference; lastKnownFileType = sourcecode.swift; path = "UIImageVIew+Extension.swift"; sourceTree = "<group>"; };
		DF354A8E2B4D322D00540D71 /* SeSACCity.app */ = {isa = PBXFileReference; explicitFileType = wrapper.application; includeInIndex = 0; path = SeSACCity.app; sourceTree = BUILT_PRODUCTS_DIR; };
		DF354A912B4D322D00540D71 /* AppDelegate.swift */ = {isa = PBXFileReference; lastKnownFileType = sourcecode.swift; path = AppDelegate.swift; sourceTree = "<group>"; };
		DF354A932B4D322D00540D71 /* SceneDelegate.swift */ = {isa = PBXFileReference; lastKnownFileType = sourcecode.swift; path = SceneDelegate.swift; sourceTree = "<group>"; };
		DF354A952B4D322D00540D71 /* ViewController.swift */ = {isa = PBXFileReference; lastKnownFileType = sourcecode.swift; path = ViewController.swift; sourceTree = "<group>"; };
		DF354A982B4D322D00540D71 /* Base */ = {isa = PBXFileReference; lastKnownFileType = file.storyboard; name = Base; path = Base.lproj/Main.storyboard; sourceTree = "<group>"; };
		DF354A9A2B4D322F00540D71 /* Assets.xcassets */ = {isa = PBXFileReference; lastKnownFileType = folder.assetcatalog; path = Assets.xcassets; sourceTree = "<group>"; };
		DF354A9D2B4D322F00540D71 /* Base */ = {isa = PBXFileReference; lastKnownFileType = file.storyboard; name = Base; path = Base.lproj/LaunchScreen.storyboard; sourceTree = "<group>"; };
		DF354A9F2B4D322F00540D71 /* Info.plist */ = {isa = PBXFileReference; lastKnownFileType = text.plist.xml; path = Info.plist; sourceTree = "<group>"; };
		DF354AA52B4D32B700540D71 /* CityCollectionViewCell.swift */ = {isa = PBXFileReference; lastKnownFileType = sourcecode.swift; path = CityCollectionViewCell.swift; sourceTree = "<group>"; };
		DF354AA62B4D32B700540D71 /* CityCollectionViewCell.xib */ = {isa = PBXFileReference; lastKnownFileType = file.xib; path = CityCollectionViewCell.xib; sourceTree = "<group>"; };
		DF354AAB2B4D342800540D71 /* CityInfo.swift */ = {isa = PBXFileReference; fileEncoding = 4; lastKnownFileType = sourcecode.swift; path = CityInfo.swift; sourceTree = "<group>"; };
		DF75A3DC2B4FCE8C00854AC9 /* CityInfoTableViewCell.xib */ = {isa = PBXFileReference; lastKnownFileType = file.xib; path = CityInfoTableViewCell.xib; sourceTree = "<group>"; };
		DF75A3E22B4FD23A00854AC9 /* CityInfoTableViewCell.swift */ = {isa = PBXFileReference; lastKnownFileType = sourcecode.swift; path = CityInfoTableViewCell.swift; sourceTree = "<group>"; };
		DF75A3E42B4FD55500854AC9 /* ADTableViewCell.swift */ = {isa = PBXFileReference; lastKnownFileType = sourcecode.swift; path = ADTableViewCell.swift; sourceTree = "<group>"; };
		DF75A3E52B4FD55500854AC9 /* ADTableViewCell.xib */ = {isa = PBXFileReference; lastKnownFileType = file.xib; path = ADTableViewCell.xib; sourceTree = "<group>"; };
		DF75A3E92B4FD75800854AC9 /* TravelModel.swift */ = {isa = PBXFileReference; fileEncoding = 4; lastKnownFileType = sourcecode.swift; path = TravelModel.swift; sourceTree = "<group>"; };
		DF75CF242B4E846B00AEF2A6 /* ConfiguarUI.swift */ = {isa = PBXFileReference; lastKnownFileType = sourcecode.swift; path = ConfiguarUI.swift; sourceTree = "<group>"; };
		DF75CF262B4E8D8000AEF2A6 /* UILabel+Extension.swift */ = {isa = PBXFileReference; lastKnownFileType = sourcecode.swift; path = "UILabel+Extension.swift"; sourceTree = "<group>"; };
		DFDA3A132B4FDC4900908E75 /* CityInfoViewController.swift */ = {isa = PBXFileReference; lastKnownFileType = sourcecode.swift; path = CityInfoViewController.swift; sourceTree = "<group>"; };
/* End PBXFileReference section */

/* Begin PBXFrameworksBuildPhase section */
		DF354A8B2B4D322D00540D71 /* Frameworks */ = {
			isa = PBXFrameworksBuildPhase;
			buildActionMask = 2147483647;
			files = (
				DF354AAF2B4D349300540D71 /* Kingfisher in Frameworks */,
			);
			runOnlyForDeploymentPostprocessing = 0;
		};
/* End PBXFrameworksBuildPhase section */

/* Begin PBXGroup section */
		DF354A852B4D322D00540D71 = {
			isa = PBXGroup;
			children = (
				DF354A902B4D322D00540D71 /* SeSACCity */,
				DF354A8F2B4D322D00540D71 /* Products */,
			);
			sourceTree = "<group>";
		};
		DF354A8F2B4D322D00540D71 /* Products */ = {
			isa = PBXGroup;
			children = (
				DF354A8E2B4D322D00540D71 /* SeSACCity.app */,
			);
			name = Products;
			sourceTree = "<group>";
		};
		DF354A902B4D322D00540D71 /* SeSACCity */ = {
			isa = PBXGroup;
			children = (
				DF75A3E82B4FD58A00854AC9 /* ViewController */,
				DF75A3DF2B4FCE9900854AC9 /* Cell */,
				DF75CF232B4E7D9800AEF2A6 /* Protocol */,
				DF75CF222B4E7B7300AEF2A6 /* Extension */,
				DF354A912B4D322D00540D71 /* AppDelegate.swift */,
				DF75A3E92B4FD75800854AC9 /* TravelModel.swift */,
				DF354AAB2B4D342800540D71 /* CityInfo.swift */,
				DF354A932B4D322D00540D71 /* SceneDelegate.swift */,
				DF354A972B4D322D00540D71 /* Main.storyboard */,
				DF354A9A2B4D322F00540D71 /* Assets.xcassets */,
				DF354A9C2B4D322F00540D71 /* LaunchScreen.storyboard */,
				DF354A9F2B4D322F00540D71 /* Info.plist */,
			);
			path = SeSACCity;
			sourceTree = "<group>";
		};
		DF75A3DF2B4FCE9900854AC9 /* Cell */ = {
			isa = PBXGroup;
			children = (
				DF354AA52B4D32B700540D71 /* CityCollectionViewCell.swift */,
				DF354AA62B4D32B700540D71 /* CityCollectionViewCell.xib */,
				DF75A3DC2B4FCE8C00854AC9 /* CityInfoTableViewCell.xib */,
				DF75A3E22B4FD23A00854AC9 /* CityInfoTableViewCell.swift */,
				DF75A3E42B4FD55500854AC9 /* ADTableViewCell.swift */,
				DF75A3E52B4FD55500854AC9 /* ADTableViewCell.xib */,
			);
			path = Cell;
			sourceTree = "<group>";
		};
		DF75A3E82B4FD58A00854AC9 /* ViewController */ = {
			isa = PBXGroup;
			children = (
				DF354A952B4D322D00540D71 /* ViewController.swift */,
				DFDA3A132B4FDC4900908E75 /* CityInfoViewController.swift */,
				DF28F3D52B4FF71300D9BADD /* AdViewController.swift */,
				DF28F3D72B4FF72100D9BADD /* TravelViewController.swift */,
			);
			path = ViewController;
			sourceTree = "<group>";
		};
		DF75CF222B4E7B7300AEF2A6 /* Extension */ = {
			isa = PBXGroup;
			children = (
				DF75CF262B4E8D8000AEF2A6 /* UILabel+Extension.swift */,
				DF28F3D92B4FFE1300D9BADD /* UIImageVIew+Extension.swift */,
			);
			path = Extension;
			sourceTree = "<group>";
		};
		DF75CF232B4E7D9800AEF2A6 /* Protocol */ = {
			isa = PBXGroup;
			children = (
				DF75CF242B4E846B00AEF2A6 /* ConfiguarUI.swift */,
			);
			path = Protocol;
			sourceTree = "<group>";
		};
/* End PBXGroup section */

/* Begin PBXNativeTarget section */
		DF354A8D2B4D322D00540D71 /* SeSACCity */ = {
			isa = PBXNativeTarget;
			buildConfigurationList = DF354AA22B4D322F00540D71 /* Build configuration list for PBXNativeTarget "SeSACCity" */;
			buildPhases = (
				DF354A8A2B4D322D00540D71 /* Sources */,
				DF354A8B2B4D322D00540D71 /* Frameworks */,
				DF354A8C2B4D322D00540D71 /* Resources */,
			);
			buildRules = (
			);
			dependencies = (
			);
			name = SeSACCity;
			packageProductDependencies = (
				DF354AAE2B4D349300540D71 /* Kingfisher */,
			);
			productName = SeSACCity;
			productReference = DF354A8E2B4D322D00540D71 /* SeSACCity.app */;
			productType = "com.apple.product-type.application";
		};
/* End PBXNativeTarget section */

/* Begin PBXProject section */
		DF354A862B4D322D00540D71 /* Project object */ = {
			isa = PBXProject;
			attributes = {
				BuildIndependentTargetsInParallel = 1;
				LastSwiftUpdateCheck = 1510;
				LastUpgradeCheck = 1510;
				TargetAttributes = {
					DF354A8D2B4D322D00540D71 = {
						CreatedOnToolsVersion = 15.1;
					};
				};
			};
			buildConfigurationList = DF354A892B4D322D00540D71 /* Build configuration list for PBXProject "SeSACCity" */;
			compatibilityVersion = "Xcode 14.0";
			developmentRegion = en;
			hasScannedForEncodings = 0;
			knownRegions = (
				en,
				Base,
			);
			mainGroup = DF354A852B4D322D00540D71;
			packageReferences = (
				DF354AAD2B4D349300540D71 /* XCRemoteSwiftPackageReference "Kingfisher" */,
			);
			productRefGroup = DF354A8F2B4D322D00540D71 /* Products */;
			projectDirPath = "";
			projectRoot = "";
			targets = (
				DF354A8D2B4D322D00540D71 /* SeSACCity */,
			);
		};
/* End PBXProject section */

/* Begin PBXResourcesBuildPhase section */
		DF354A8C2B4D322D00540D71 /* Resources */ = {
			isa = PBXResourcesBuildPhase;
			buildActionMask = 2147483647;
			files = (
				DF75A3E72B4FD55500854AC9 /* ADTableViewCell.xib in Resources */,
				DF354A9E2B4D322F00540D71 /* LaunchScreen.storyboard in Resources */,
				DF354A9B2B4D322F00540D71 /* Assets.xcassets in Resources */,
				DF354A992B4D322D00540D71 /* Main.storyboard in Resources */,
				DF354AA82B4D32B700540D71 /* CityCollectionViewCell.xib in Resources */,
				DF75A3DE2B4FCE8C00854AC9 /* CityInfoTableViewCell.xib in Resources */,
			);
			runOnlyForDeploymentPostprocessing = 0;
		};
/* End PBXResourcesBuildPhase section */

/* Begin PBXSourcesBuildPhase section */
		DF354A8A2B4D322D00540D71 /* Sources */ = {
			isa = PBXSourcesBuildPhase;
			buildActionMask = 2147483647;
			files = (
				DFDA3A142B4FDC4900908E75 /* CityInfoViewController.swift in Sources */,
				DF75A3E62B4FD55500854AC9 /* ADTableViewCell.swift in Sources */,
				DF75CF252B4E846B00AEF2A6 /* ConfiguarUI.swift in Sources */,
				DF354A962B4D322D00540D71 /* ViewController.swift in Sources */,
				DF28F3D82B4FF72100D9BADD /* TravelViewController.swift in Sources */,
				DF354A922B4D322D00540D71 /* AppDelegate.swift in Sources */,
				DF75CF272B4E8D8000AEF2A6 /* UILabel+Extension.swift in Sources */,
				DF75A3E32B4FD23A00854AC9 /* CityInfoTableViewCell.swift in Sources */,
				DF354AAC2B4D342900540D71 /* CityInfo.swift in Sources */,
				DF354A942B4D322D00540D71 /* SceneDelegate.swift in Sources */,
				DF28F3D62B4FF71300D9BADD /* AdViewController.swift in Sources */,
				DF75A3EA2B4FD75800854AC9 /* TravelModel.swift in Sources */,
				DF28F3DA2B4FFE1300D9BADD /* UIImageVIew+Extension.swift in Sources */,
				DF354AA72B4D32B700540D71 /* CityCollectionViewCell.swift in Sources */,
			);
			runOnlyForDeploymentPostprocessing = 0;
		};
/* End PBXSourcesBuildPhase section */

/* Begin PBXVariantGroup section */
		DF354A972B4D322D00540D71 /* Main.storyboard */ = {
			isa = PBXVariantGroup;
			children = (
				DF354A982B4D322D00540D71 /* Base */,
			);
			name = Main.storyboard;
			sourceTree = "<group>";
		};
		DF354A9C2B4D322F00540D71 /* LaunchScreen.storyboard */ = {
			isa = PBXVariantGroup;
			children = (
				DF354A9D2B4D322F00540D71 /* Base */,
			);
			name = LaunchScreen.storyboard;
			sourceTree = "<group>";
		};
/* End PBXVariantGroup section */

/* Begin XCBuildConfiguration section */
		DF354AA02B4D322F00540D71 /* Debug */ = {
			isa = XCBuildConfiguration;
			buildSettings = {
				ALWAYS_SEARCH_USER_PATHS = NO;
				ASSETCATALOG_COMPILER_GENERATE_SWIFT_ASSET_SYMBOL_EXTENSIONS = YES;
				CLANG_ANALYZER_NONNULL = YES;
				CLANG_ANALYZER_NUMBER_OBJECT_CONVERSION = YES_AGGRESSIVE;
				CLANG_CXX_LANGUAGE_STANDARD = "gnu++20";
				CLANG_ENABLE_MODULES = YES;
				CLANG_ENABLE_OBJC_ARC = YES;
				CLANG_ENABLE_OBJC_WEAK = YES;
				CLANG_WARN_BLOCK_CAPTURE_AUTORELEASING = YES;
				CLANG_WARN_BOOL_CONVERSION = YES;
				CLANG_WARN_COMMA = YES;
				CLANG_WARN_CONSTANT_CONVERSION = YES;
				CLANG_WARN_DEPRECATED_OBJC_IMPLEMENTATIONS = YES;
				CLANG_WARN_DIRECT_OBJC_ISA_USAGE = YES_ERROR;
				CLANG_WARN_DOCUMENTATION_COMMENTS = YES;
				CLANG_WARN_EMPTY_BODY = YES;
				CLANG_WARN_ENUM_CONVERSION = YES;
				CLANG_WARN_INFINITE_RECURSION = YES;
				CLANG_WARN_INT_CONVERSION = YES;
				CLANG_WARN_NON_LITERAL_NULL_CONVERSION = YES;
				CLANG_WARN_OBJC_IMPLICIT_RETAIN_SELF = YES;
				CLANG_WARN_OBJC_LITERAL_CONVERSION = YES;
				CLANG_WARN_OBJC_ROOT_CLASS = YES_ERROR;
				CLANG_WARN_QUOTED_INCLUDE_IN_FRAMEWORK_HEADER = YES;
				CLANG_WARN_RANGE_LOOP_ANALYSIS = YES;
				CLANG_WARN_STRICT_PROTOTYPES = YES;
				CLANG_WARN_SUSPICIOUS_MOVE = YES;
				CLANG_WARN_UNGUARDED_AVAILABILITY = YES_AGGRESSIVE;
				CLANG_WARN_UNREACHABLE_CODE = YES;
				CLANG_WARN__DUPLICATE_METHOD_MATCH = YES;
				COPY_PHASE_STRIP = NO;
				DEBUG_INFORMATION_FORMAT = dwarf;
				ENABLE_STRICT_OBJC_MSGSEND = YES;
				ENABLE_TESTABILITY = YES;
				ENABLE_USER_SCRIPT_SANDBOXING = YES;
				GCC_C_LANGUAGE_STANDARD = gnu17;
				GCC_DYNAMIC_NO_PIC = NO;
				GCC_NO_COMMON_BLOCKS = YES;
				GCC_OPTIMIZATION_LEVEL = 0;
				GCC_PREPROCESSOR_DEFINITIONS = (
					"DEBUG=1",
					"$(inherited)",
				);
				GCC_WARN_64_TO_32_BIT_CONVERSION = YES;
				GCC_WARN_ABOUT_RETURN_TYPE = YES_ERROR;
				GCC_WARN_UNDECLARED_SELECTOR = YES;
				GCC_WARN_UNINITIALIZED_AUTOS = YES_AGGRESSIVE;
				GCC_WARN_UNUSED_FUNCTION = YES;
				GCC_WARN_UNUSED_VARIABLE = YES;
				IPHONEOS_DEPLOYMENT_TARGET = 17.2;
				LOCALIZATION_PREFERS_STRING_CATALOGS = YES;
				MTL_ENABLE_DEBUG_INFO = INCLUDE_SOURCE;
				MTL_FAST_MATH = YES;
				ONLY_ACTIVE_ARCH = YES;
				SDKROOT = iphoneos;
				SWIFT_ACTIVE_COMPILATION_CONDITIONS = "DEBUG $(inherited)";
				SWIFT_OPTIMIZATION_LEVEL = "-Onone";
			};
			name = Debug;
		};
		DF354AA12B4D322F00540D71 /* Release */ = {
			isa = XCBuildConfiguration;
			buildSettings = {
				ALWAYS_SEARCH_USER_PATHS = NO;
				ASSETCATALOG_COMPILER_GENERATE_SWIFT_ASSET_SYMBOL_EXTENSIONS = YES;
				CLANG_ANALYZER_NONNULL = YES;
				CLANG_ANALYZER_NUMBER_OBJECT_CONVERSION = YES_AGGRESSIVE;
				CLANG_CXX_LANGUAGE_STANDARD = "gnu++20";
				CLANG_ENABLE_MODULES = YES;
				CLANG_ENABLE_OBJC_ARC = YES;
				CLANG_ENABLE_OBJC_WEAK = YES;
				CLANG_WARN_BLOCK_CAPTURE_AUTORELEASING = YES;
				CLANG_WARN_BOOL_CONVERSION = YES;
				CLANG_WARN_COMMA = YES;
				CLANG_WARN_CONSTANT_CONVERSION = YES;
				CLANG_WARN_DEPRECATED_OBJC_IMPLEMENTATIONS = YES;
				CLANG_WARN_DIRECT_OBJC_ISA_USAGE = YES_ERROR;
				CLANG_WARN_DOCUMENTATION_COMMENTS = YES;
				CLANG_WARN_EMPTY_BODY = YES;
				CLANG_WARN_ENUM_CONVERSION = YES;
				CLANG_WARN_INFINITE_RECURSION = YES;
				CLANG_WARN_INT_CONVERSION = YES;
				CLANG_WARN_NON_LITERAL_NULL_CONVERSION = YES;
				CLANG_WARN_OBJC_IMPLICIT_RETAIN_SELF = YES;
				CLANG_WARN_OBJC_LITERAL_CONVERSION = YES;
				CLANG_WARN_OBJC_ROOT_CLASS = YES_ERROR;
				CLANG_WARN_QUOTED_INCLUDE_IN_FRAMEWORK_HEADER = YES;
				CLANG_WARN_RANGE_LOOP_ANALYSIS = YES;
				CLANG_WARN_STRICT_PROTOTYPES = YES;
				CLANG_WARN_SUSPICIOUS_MOVE = YES;
				CLANG_WARN_UNGUARDED_AVAILABILITY = YES_AGGRESSIVE;
				CLANG_WARN_UNREACHABLE_CODE = YES;
				CLANG_WARN__DUPLICATE_METHOD_MATCH = YES;
				COPY_PHASE_STRIP = NO;
				DEBUG_INFORMATION_FORMAT = "dwarf-with-dsym";
				ENABLE_NS_ASSERTIONS = NO;
				ENABLE_STRICT_OBJC_MSGSEND = YES;
				ENABLE_USER_SCRIPT_SANDBOXING = YES;
				GCC_C_LANGUAGE_STANDARD = gnu17;
				GCC_NO_COMMON_BLOCKS = YES;
				GCC_WARN_64_TO_32_BIT_CONVERSION = YES;
				GCC_WARN_ABOUT_RETURN_TYPE = YES_ERROR;
				GCC_WARN_UNDECLARED_SELECTOR = YES;
				GCC_WARN_UNINITIALIZED_AUTOS = YES_AGGRESSIVE;
				GCC_WARN_UNUSED_FUNCTION = YES;
				GCC_WARN_UNUSED_VARIABLE = YES;
				IPHONEOS_DEPLOYMENT_TARGET = 17.2;
				LOCALIZATION_PREFERS_STRING_CATALOGS = YES;
				MTL_ENABLE_DEBUG_INFO = NO;
				MTL_FAST_MATH = YES;
				SDKROOT = iphoneos;
				SWIFT_COMPILATION_MODE = wholemodule;
				VALIDATE_PRODUCT = YES;
			};
			name = Release;
		};
		DF354AA32B4D322F00540D71 /* Debug */ = {
			isa = XCBuildConfiguration;
			buildSettings = {
				ASSETCATALOG_COMPILER_APPICON_NAME = AppIcon;
				ASSETCATALOG_COMPILER_GLOBAL_ACCENT_COLOR_NAME = AccentColor;
				CODE_SIGN_STYLE = Automatic;
				CURRENT_PROJECT_VERSION = 1;
				DEVELOPMENT_TEAM = BL747HHQK8;
				GENERATE_INFOPLIST_FILE = YES;
				INFOPLIST_FILE = SeSACCity/Info.plist;
				INFOPLIST_KEY_UIApplicationSupportsIndirectInputEvents = YES;
				INFOPLIST_KEY_UILaunchStoryboardName = LaunchScreen;
				INFOPLIST_KEY_UIMainStoryboardFile = Main;
				INFOPLIST_KEY_UISupportedInterfaceOrientations_iPad = "UIInterfaceOrientationPortrait UIInterfaceOrientationPortraitUpsideDown UIInterfaceOrientationLandscapeLeft UIInterfaceOrientationLandscapeRight";
				INFOPLIST_KEY_UISupportedInterfaceOrientations_iPhone = "UIInterfaceOrientationPortrait UIInterfaceOrientationLandscapeLeft UIInterfaceOrientationLandscapeRight";
				LD_RUNPATH_SEARCH_PATHS = (
					"$(inherited)",
					"@executable_path/Frameworks",
				);
				MARKETING_VERSION = 1.0;
				PRODUCT_BUNDLE_IDENTIFIER = com.melon.SeSACCity;
				PRODUCT_NAME = "$(TARGET_NAME)";
				SWIFT_EMIT_LOC_STRINGS = YES;
				SWIFT_VERSION = 5.0;
				TARGETED_DEVICE_FAMILY = "1,2";
			};
			name = Debug;
		};
		DF354AA42B4D322F00540D71 /* Release */ = {
			isa = XCBuildConfiguration;
			buildSettings = {
				ASSETCATALOG_COMPILER_APPICON_NAME = AppIcon;
				ASSETCATALOG_COMPILER_GLOBAL_ACCENT_COLOR_NAME = AccentColor;
				CODE_SIGN_STYLE = Automatic;
				CURRENT_PROJECT_VERSION = 1;
				DEVELOPMENT_TEAM = BL747HHQK8;
				GENERATE_INFOPLIST_FILE = YES;
				INFOPLIST_FILE = SeSACCity/Info.plist;
				INFOPLIST_KEY_UIApplicationSupportsIndirectInputEvents = YES;
				INFOPLIST_KEY_UILaunchStoryboardName = LaunchScreen;
				INFOPLIST_KEY_UIMainStoryboardFile = Main;
				INFOPLIST_KEY_UISupportedInterfaceOrientations_iPad = "UIInterfaceOrientationPortrait UIInterfaceOrientationPortraitUpsideDown UIInterfaceOrientationLandscapeLeft UIInterfaceOrientationLandscapeRight";
				INFOPLIST_KEY_UISupportedInterfaceOrientations_iPhone = "UIInterfaceOrientationPortrait UIInterfaceOrientationLandscapeLeft UIInterfaceOrientationLandscapeRight";
				LD_RUNPATH_SEARCH_PATHS = (
					"$(inherited)",
					"@executable_path/Frameworks",
				);
				MARKETING_VERSION = 1.0;
				PRODUCT_BUNDLE_IDENTIFIER = com.melon.SeSACCity;
				PRODUCT_NAME = "$(TARGET_NAME)";
				SWIFT_EMIT_LOC_STRINGS = YES;
				SWIFT_VERSION = 5.0;
				TARGETED_DEVICE_FAMILY = "1,2";
			};
			name = Release;
		};
/* End XCBuildConfiguration section */

/* Begin XCConfigurationList section */
		DF354A892B4D322D00540D71 /* Build configuration list for PBXProject "SeSACCity" */ = {
			isa = XCConfigurationList;
			buildConfigurations = (
				DF354AA02B4D322F00540D71 /* Debug */,
				DF354AA12B4D322F00540D71 /* Release */,
			);
			defaultConfigurationIsVisible = 0;
			defaultConfigurationName = Release;
		};
		DF354AA22B4D322F00540D71 /* Build configuration list for PBXNativeTarget "SeSACCity" */ = {
			isa = XCConfigurationList;
			buildConfigurations = (
				DF354AA32B4D322F00540D71 /* Debug */,
				DF354AA42B4D322F00540D71 /* Release */,
			);
			defaultConfigurationIsVisible = 0;
			defaultConfigurationName = Release;
		};
/* End XCConfigurationList section */

/* Begin XCRemoteSwiftPackageReference section */
		DF354AAD2B4D349300540D71 /* XCRemoteSwiftPackageReference "Kingfisher" */ = {
			isa = XCRemoteSwiftPackageReference;
			repositoryURL = "https://github.com/onevcat/Kingfisher.git";
			requirement = {
				kind = upToNextMajorVersion;
				minimumVersion = 7.10.1;
			};
		};
/* End XCRemoteSwiftPackageReference section */

/* Begin XCSwiftPackageProductDependency section */
		DF354AAE2B4D349300540D71 /* Kingfisher */ = {
			isa = XCSwiftPackageProductDependency;
			package = DF354AAD2B4D349300540D71 /* XCRemoteSwiftPackageReference "Kingfisher" */;
			productName = Kingfisher;
		};
/* End XCSwiftPackageProductDependency section */
	};
	rootObject = DF354A862B4D322D00540D71 /* Project object */;
}
